{
  "name": "mra-security",
  "lockfileVersion": 3,
  "requires": true,
  "packages": {
    "": {
      "dependencies": {
        "validator": "13.5.0"
      }
    },
    "node_modules/validator": {
      "version": "13.5.0",
      "resolved": "https://registry.npmjs.org/validator/-/validator-13.5.0.tgz",
      "integrity": "sha512-swCJwyC4QdPvk16CagC126fqi6V6PRYTawdSc+F+eQv58uS1cmggGMPTKc6QQ90YFGsWjWgiGcSTmzx96p2U6Q==",
      "license": "MIT",
      "engines": {
        "node": ">= 0.10"
      }
    }
  }
}
